
Microsoft Visual Studio Solution File, Format Version 12.00
# Visual Studio Version 16
VisualStudioVersion = 16.0.32106.194
MinimumVisualStudioVersion = 10.0.40219.1
Project("{FAE04EC0-301F-11D3-BF4B-00C04F79EFBC}") = "InternetNow_API", "InternetNow_API\InternetNow_API.csproj", "{ED120190-F317-451A-A8A9-F2DF113D1795}"
EndProject
Global
	GlobalSection(SolutionConfigurationPlatforms) = preSolution
		Debug|Any CPU = Debug|Any CPU
		Release|Any CPU = Release|Any CPU
	EndGlobalSection
	GlobalSection(ProjectConfigurationPlatforms) = postSolution
		{ED120190-F317-451A-A8A9-F2DF113D1795}.Debug|Any CPU.ActiveCfg = Debug|Any CPU
		{ED120190-F317-451A-A8A9-F2DF113D1795}.Debug|Any CPU.Build.0 = Debug|Any CPU
		{ED120190-F317-451A-A8A9-F2DF113D1795}.Release|Any CPU.ActiveCfg = Release|Any CPU
		{ED120190-F317-451A-A8A9-F2DF113D1795}.Release|Any CPU.Build.0 = Release|Any CPU
	EndGlobalSection
	GlobalSection(SolutionProperties) = preSolution
		HideSolutionNode = FALSE
	EndGlobalSection
	GlobalSection(ExtensibilityGlobals) = postSolution
		SolutionGuid = {340D737C-9330-4A8C-80F5-F68E6D0B3007}
	EndGlobalSection
EndGlobal
